
Microsoft Visual Studio Solution File, Format Version 12.00
# Visual Studio Version 17
VisualStudioVersion = 17.6.33829.357
MinimumVisualStudioVersion = 10.0.40219.1
Project("{FAE04EC0-301F-11D3-BF4B-00C04F79EFBC}") = "Sam", "Sam\Sam.csproj", "{CEE82C8F-1225-4528-BB97-F8BE78825D61}"
EndProject
Global
	GlobalSection(SolutionConfigurationPlatforms) = preSolution
		Debug|Any CPU = Debug|Any CPU
		Release|Any CPU = Release|Any CPU
	EndGlobalSection
	GlobalSection(ProjectConfigurationPlatforms) = postSolution
		{CEE82C8F-1225-4528-BB97-F8BE78825D61}.Debug|Any CPU.ActiveCfg = Debug|Any CPU
		{CEE82C8F-1225-4528-BB97-F8BE78825D61}.Debug|Any CPU.Build.0 = Debug|Any CPU
		{CEE82C8F-1225-4528-BB97-F8BE78825D61}.Release|Any CPU.ActiveCfg = Release|Any CPU
		{CEE82C8F-1225-4528-BB97-F8BE78825D61}.Release|Any CPU.Build.0 = Release|Any CPU
	EndGlobalSection
	GlobalSection(SolutionProperties) = preSolution
		HideSolutionNode = FALSE
	EndGlobalSection
	GlobalSection(ExtensibilityGlobals) = postSolution
		SolutionGuid = {0289D6F8-0DA0-4693-8A3B-493120F7418D}
	EndGlobalSection
EndGlobal
